
Microsoft Visual Studio Solution File, Format Version 12.00
# Visual Studio Version 17
VisualStudioVersion = 17.10.35027.167
MinimumVisualStudioVersion = 10.0.40219.1
Project("{FAE04EC0-301F-11D3-BF4B-00C04F79EFBC}") = "libRnDescVta", "libRnDescVta\libRnDescVta.csproj", "{59F0669D-CBB4-4123-BC27-2E7D6A93D608}"
EndProject
Global
	GlobalSection(SolutionConfigurationPlatforms) = preSolution
		Debug|Any CPU = Debug|Any CPU
		Release|Any CPU = Release|Any CPU
	EndGlobalSection
	GlobalSection(ProjectConfigurationPlatforms) = postSolution
		{59F0669D-CBB4-4123-BC27-2E7D6A93D608}.Debug|Any CPU.ActiveCfg = Debug|Any CPU
		{59F0669D-CBB4-4123-BC27-2E7D6A93D608}.Debug|Any CPU.Build.0 = Debug|Any CPU
		{59F0669D-CBB4-4123-BC27-2E7D6A93D608}.Release|Any CPU.ActiveCfg = Release|Any CPU
		{59F0669D-CBB4-4123-BC27-2E7D6A93D608}.Release|Any CPU.Build.0 = Release|Any CPU
	EndGlobalSection
	GlobalSection(SolutionProperties) = preSolution
		HideSolutionNode = FALSE
	EndGlobalSection
	GlobalSection(ExtensibilityGlobals) = postSolution
		SolutionGuid = {23E0B31C-6469-4D3F-91C3-224AEE0047D4}
	EndGlobalSection
EndGlobal
